
Microsoft Visual Studio Solution File, Format Version 12.00
# Visual Studio Version 16
VisualStudioVersion = 16.0.31321.278
MinimumVisualStudioVersion = 10.0.40219.1
Project("{FAE04EC0-301F-11D3-BF4B-00C04F79EFBC}") = "PostgreSqlExample", "PostgreSqlExample\PostgreSqlExample.csproj", "{39F470D5-9519-4944-8A55-8E93B51B40E1}"
EndProject
Global
	GlobalSection(SolutionConfigurationPlatforms) = preSolution
		Debug|Any CPU = Debug|Any CPU
		Release|Any CPU = Release|Any CPU
	EndGlobalSection
	GlobalSection(ProjectConfigurationPlatforms) = postSolution
		{39F470D5-9519-4944-8A55-8E93B51B40E1}.Debug|Any CPU.ActiveCfg = Debug|Any CPU
		{39F470D5-9519-4944-8A55-8E93B51B40E1}.Debug|Any CPU.Build.0 = Debug|Any CPU
		{39F470D5-9519-4944-8A55-8E93B51B40E1}.Release|Any CPU.ActiveCfg = Release|Any CPU
		{39F470D5-9519-4944-8A55-8E93B51B40E1}.Release|Any CPU.Build.0 = Release|Any CPU
	EndGlobalSection
	GlobalSection(SolutionProperties) = preSolution
		HideSolutionNode = FALSE
	EndGlobalSection
	GlobalSection(ExtensibilityGlobals) = postSolution
		SolutionGuid = {6C6AC9D0-DC34-4108-88E7-15465FDD153F}
	EndGlobalSection
EndGlobal
